<?xml version="1.0" encoding="UTF-8" standalone="yes" ?>
<CodeBlocks_project_file>
	<FileVersion major="1" minor="6" />
	<Project>
		<Option title="sics" />
		<Option pch_mode="2" />
		<Option compiler="gcc" />
		<Build>
			<Target title="Debug">
				<Option output="bin/Debug/sics" prefix_auto="1" extension_auto="1" />
				<Option object_output="obj/Debug/" />
				<Option type="1" />
				<Option compiler="gcc" />
				<Compiler>
					<Add option="-g" />
				</Compiler>
			</Target>
			<Target title="Release">
				<Option output="bin/Release/sics" prefix_auto="1" extension_auto="1" />
				<Option object_output="obj/Release/" />
				<Option type="1" />
				<Option compiler="gcc" />
				<Compiler>
					<Add option="-O2" />
					<Add option="-Wall" />
				</Compiler>
				<Linker>
					<Add option="-s" />
				</Linker>
			</Target>
		</Build>
		<Compiler>
			<Add directory="include" />
		</Compiler>
		<Linker>
			<Add library="sic" />
			<Add library="json" />
		</Linker>
		<Unit filename="include/cmdhanlder.h" />
		<Unit filename="include/jmsg.h" />
		<Unit filename="include/jrequest.h" />
		<Unit filename="include/jresponse.h" />
		<Unit filename="include/net.h" />
		<Unit filename="include/sicw.h" />
		<Unit filename="include/util.h" />
		<Unit filename="src/cmdhanlder.cpp" />
		<Unit filename="src/jmsg.cpp" />
		<Unit filename="src/jrequest.cpp" />
		<Unit filename="src/jresponse.cpp" />
		<Unit filename="src/log.cpp" />
		<Unit filename="src/main.cpp" />
		<Unit filename="src/net.cpp" />
		<Unit filename="src/sicw.cpp" />
		<Extensions>
			<code_completion />
			<debugger />
		</Extensions>
	</Project>
</CodeBlocks_project_file>
